// !$*UTF8*$!
{
	archiveVersion = 1;
	classes = {
	};
	objectVersion = 48;
	objects = {

/* Begin PBXBuildFile section */
		DDDE6B4621E5C06300E72A7A /* AppDelegate.swift in Sources */ = {isa = PBXBuildFile; fileRef = DDDE6B4521E5C06300E72A7A /* AppDelegate.swift */; };
		DDDE6B4821E5C06300E72A7A /* ViewController.swift in Sources */ = {isa = PBXBuildFile; fileRef = DDDE6B4721E5C06300E72A7A /* ViewController.swift */; };
		DDDE6B4B21E5C06300E72A7A /* Main.storyboard in Resources */ = {isa = PBXBuildFile; fileRef = DDDE6B4921E5C06300E72A7A /* Main.storyboard */; };
		DDDE6B4D21E5C06300E72A7A /* Assets.xcassets in Resources */ = {isa = PBXBuildFile; fileRef = DDDE6B4C21E5C06300E72A7A /* Assets.xcassets */; };
		DDDE6B5021E5C06300E72A7A /* LaunchScreen.storyboard in Resources */ = {isa = PBXBuildFile; fileRef = DDDE6B4E21E5C06300E72A7A /* LaunchScreen.storyboard */; };
		DDDE6B5B21E5C06300E72A7A /* TipCalcTests.swift in Sources */ = {isa = PBXBuildFile; fileRef = DDDE6B5A21E5C06300E72A7A /* TipCalcTests.swift */; };
		DDDE6B6621E5C06300E72A7A /* TipCalcUITests.swift in Sources */ = {isa = PBXBuildFile; fileRef = DDDE6B6521E5C06300E72A7A /* TipCalcUITests.swift */; };
/* End PBXBuildFile section */

/* Begin PBXContainerItemProxy section */
		DDDE6B5721E5C06300E72A7A /* PBXContainerItemProxy */ = {
			isa = PBXContainerItemProxy;
			containerPortal = DDDE6B3A21E5C06300E72A7A /* Project object */;
			proxyType = 1;
			remoteGlobalIDString = DDDE6B4121E5C06300E72A7A;
			remoteInfo = TipCalc;
		};
		DDDE6B6221E5C06300E72A7A /* PBXContainerItemProxy */ = {
			isa = PBXContainerItemProxy;
			containerPortal = DDDE6B3A21E5C06300E72A7A /* Project object */;
			proxyType = 1;
			remoteGlobalIDString = DDDE6B4121E5C06300E72A7A;
			remoteInfo = TipCalc;
		};
/* End PBXContainerItemProxy section */

/* Begin PBXFileReference section */
		DDDE6B4221E5C06300E72A7A /* TipCalc.app */ = {isa = PBXFileReference; explicitFileType = wrapper.application; includeInIndex = 0; path = TipCalc.app; sourceTree = BUILT_PRODUCTS_DIR; };
		DDDE6B4521E5C06300E72A7A /* AppDelegate.swift */ = {isa = PBXFileReference; lastKnownFileType = sourcecode.swift; path = AppDelegate.swift; sourceTree = "<group>"; };
		DDDE6B4721E5C06300E72A7A /* ViewController.swift */ = {isa = PBXFileReference; lastKnownFileType = sourcecode.swift; path = ViewController.swift; sourceTree = "<group>"; };
		DDDE6B4A21E5C06300E72A7A /* Base */ = {isa = PBXFileReference; lastKnownFileType = file.storyboard; name = Base; path = Base.lproj/Main.storyboard; sourceTree = "<group>"; };
		DDDE6B4C21E5C06300E72A7A /* Assets.xcassets */ = {isa = PBXFileReference; lastKnownFileType = folder.assetcatalog; path = Assets.xcassets; sourceTree = "<group>"; };
		DDDE6B4F21E5C06300E72A7A /* Base */ = {isa = PBXFileReference; lastKnownFileType = file.storyboard; name = Base; path = Base.lproj/LaunchScreen.storyboard; sourceTree = "<group>"; };
		DDDE6B5121E5C06300E72A7A /* Info.plist */ = {isa = PBXFileReference; lastKnownFileType = text.plist.xml; path = Info.plist; sourceTree = "<group>"; };
		DDDE6B5621E5C06300E72A7A /* TipCalcTests.xctest */ = {isa = PBXFileReference; explicitFileType = wrapper.cfbundle; includeInIndex = 0; path = TipCalcTests.xctest; sourceTree = BUILT_PRODUCTS_DIR; };
		DDDE6B5A21E5C06300E72A7A /* TipCalcTests.swift */ = {isa = PBXFileReference; lastKnownFileType = sourcecode.swift; path = TipCalcTests.swift; sourceTree = "<group>"; };
		DDDE6B5C21E5C06300E72A7A /* Info.plist */ = {isa = PBXFileReference; lastKnownFileType = text.plist.xml; path = Info.plist; sourceTree = "<group>"; };
		DDDE6B6121E5C06300E72A7A /* TipCalcUITests.xctest */ = {isa = PBXFileReference; explicitFileType = wrapper.cfbundle; includeInIndex = 0; path = TipCalcUITests.xctest; sourceTree = BUILT_PRODUCTS_DIR; };
		DDDE6B6521E5C06300E72A7A /* TipCalcUITests.swift */ = {isa = PBXFileReference; lastKnownFileType = sourcecode.swift; path = TipCalcUITests.swift; sourceTree = "<group>"; };
		DDDE6B6721E5C06300E72A7A /* Info.plist */ = {isa = PBXFileReference; lastKnownFileType = text.plist.xml; path = Info.plist; sourceTree = "<group>"; };
/* End PBXFileReference section */

/* Begin PBXFrameworksBuildPhase section */
		DDDE6B3F21E5C06300E72A7A /* Frameworks */ = {
			isa = PBXFrameworksBuildPhase;
			buildActionMask = 2147483647;
			files = (
			);
			runOnlyForDeploymentPostprocessing = 0;
		};
		DDDE6B5321E5C06300E72A7A /* Frameworks */ = {
			isa = PBXFrameworksBuildPhase;
			buildActionMask = 2147483647;
			files = (
			);
			runOnlyForDeploymentPostprocessing = 0;
		};
		DDDE6B5E21E5C06300E72A7A /* Frameworks */ = {
			isa = PBXFrameworksBuildPhase;
			buildActionMask = 2147483647;
			files = (
			);
			runOnlyForDeploymentPostprocessing = 0;
		};
/* End PBXFrameworksBuildPhase section */

/* Begin PBXGroup section */
		DDDE6B3921E5C06300E72A7A = {
			isa = PBXGroup;
			children = (
				DDDE6B4421E5C06300E72A7A /* TipCalc */,
				DDDE6B5921E5C06300E72A7A /* TipCalcTests */,
				DDDE6B6421E5C06300E72A7A /* TipCalcUITests */,
				DDDE6B4321E5C06300E72A7A /* Products */,
			);
			sourceTree = "<group>";
		};
		DDDE6B4321E5C06300E72A7A /* Products */ = {
			isa = PBXGroup;
			children = (
				DDDE6B4221E5C06300E72A7A /* TipCalc.app */,
				DDDE6B5621E5C06300E72A7A /* TipCalcTests.xctest */,
				DDDE6B6121E5C06300E72A7A /* TipCalcUITests.xctest */,
			);
			name = Products;
			sourceTree = "<group>";
		};
		DDDE6B4421E5C06300E72A7A /* TipCalc */ = {
			isa = PBXGroup;
			children = (
				DDDE6B4521E5C06300E72A7A /* AppDelegate.swift */,
				DDDE6B4721E5C06300E72A7A /* ViewController.swift */,
				DDDE6B4921E5C06300E72A7A /* Main.storyboard */,
				DDDE6B4C21E5C06300E72A7A /* Assets.xcassets */,
				DDDE6B4E21E5C06300E72A7A /* LaunchScreen.storyboard */,
				DDDE6B5121E5C06300E72A7A /* Info.plist */,
			);
			path = TipCalc;
			sourceTree = "<group>";
		};
		DDDE6B5921E5C06300E72A7A /* TipCalcTests */ = {
			isa = PBXGroup;
			children = (
				DDDE6B5A21E5C06300E72A7A /* TipCalcTests.swift */,
				DDDE6B5C21E5C06300E72A7A /* Info.plist */,
			);
			path = TipCalcTests;
			sourceTree = "<group>";
		};
		DDDE6B6421E5C06300E72A7A /* TipCalcUITests */ = {
			isa = PBXGroup;
			children = (
				DDDE6B6521E5C06300E72A7A /* TipCalcUITests.swift */,
				DDDE6B6721E5C06300E72A7A /* Info.plist */,
			);
			path = TipCalcUITests;
			sourceTree = "<group>";
		};
/* End PBXGroup section */

/* Begin PBXNativeTarget section */
		DDDE6B4121E5C06300E72A7A /* TipCalc */ = {
			isa = PBXNativeTarget;
			buildConfigurationList = DDDE6B6A21E5C06300E72A7A /* Build configuration list for PBXNativeTarget "TipCalc" */;
			buildPhases = (
				DDDE6B3E21E5C06300E72A7A /* Sources */,
				DDDE6B3F21E5C06300E72A7A /* Frameworks */,
				DDDE6B4021E5C06300E72A7A /* Resources */,
			);
			buildRules = (
			);
			dependencies = (
			);
			name = TipCalc;
			productName = TipCalc;
			productReference = DDDE6B4221E5C06300E72A7A /* TipCalc.app */;
			productType = "com.apple.product-type.application";
		};
		DDDE6B5521E5C06300E72A7A /* TipCalcTests */ = {
			isa = PBXNativeTarget;
			buildConfigurationList = DDDE6B6D21E5C06300E72A7A /* Build configuration list for PBXNativeTarget "TipCalcTests" */;
			buildPhases = (
				DDDE6B5221E5C06300E72A7A /* Sources */,
				DDDE6B5321E5C06300E72A7A /* Frameworks */,
				DDDE6B5421E5C06300E72A7A /* Resources */,
			);
			buildRules = (
			);
			dependencies = (
				DDDE6B5821E5C06300E72A7A /* PBXTargetDependency */,
			);
			name = TipCalcTests;
			productName = TipCalcTests;
			productReference = DDDE6B5621E5C06300E72A7A /* TipCalcTests.xctest */;
			productType = "com.apple.product-type.bundle.unit-test";
		};
		DDDE6B6021E5C06300E72A7A /* TipCalcUITests */ = {
			isa = PBXNativeTarget;
			buildConfigurationList = DDDE6B7021E5C06300E72A7A /* Build configuration list for PBXNativeTarget "TipCalcUITests" */;
			buildPhases = (
				DDDE6B5D21E5C06300E72A7A /* Sources */,
				DDDE6B5E21E5C06300E72A7A /* Frameworks */,
				DDDE6B5F21E5C06300E72A7A /* Resources */,
			);
			buildRules = (
			);
			dependencies = (
				DDDE6B6321E5C06300E72A7A /* PBXTargetDependency */,
			);
			name = TipCalcUITests;
			productName = TipCalcUITests;
			productReference = DDDE6B6121E5C06300E72A7A /* TipCalcUITests.xctest */;
			productType = "com.apple.product-type.bundle.ui-testing";
		};
/* End PBXNativeTarget section */

/* Begin PBXProject section */
		DDDE6B3A21E5C06300E72A7A /* Project object */ = {
			isa = PBXProject;
			attributes = {
				LastSwiftUpdateCheck = 0920;
				LastUpgradeCheck = 0920;
				ORGANIZATIONNAME = "Srishtti Talwar";
				TargetAttributes = {
					DDDE6B4121E5C06300E72A7A = {
						CreatedOnToolsVersion = 9.2;
						ProvisioningStyle = Automatic;
					};
					DDDE6B5521E5C06300E72A7A = {
						CreatedOnToolsVersion = 9.2;
						ProvisioningStyle = Automatic;
						TestTargetID = DDDE6B4121E5C06300E72A7A;
					};
					DDDE6B6021E5C06300E72A7A = {
						CreatedOnToolsVersion = 9.2;
						ProvisioningStyle = Automatic;
						TestTargetID = DDDE6B4121E5C06300E72A7A;
					};
				};
			};
			buildConfigurationList = DDDE6B3D21E5C06300E72A7A /* Build configuration list for PBXProject "TipCalc" */;
			compatibilityVersion = "Xcode 8.0";
			developmentRegion = en;
			hasScannedForEncodings = 0;
			knownRegions = (
				en,
				Base,
			);
			mainGroup = DDDE6B3921E5C06300E72A7A;
			productRefGroup = DDDE6B4321E5C06300E72A7A /* Products */;
			projectDirPath = "";
			projectRoot = "";
			targets = (
				DDDE6B4121E5C06300E72A7A /* TipCalc */,
				DDDE6B5521E5C06300E72A7A /* TipCalcTests */,
				DDDE6B6021E5C06300E72A7A /* TipCalcUITests */,
			);
		};
/* End PBXProject section */

/* Begin PBXResourcesBuildPhase section */
		DDDE6B4021E5C06300E72A7A /* Resources */ = {
			isa = PBXResourcesBuildPhase;
			buildActionMask = 2147483647;
			files = (
				DDDE6B5021E5C06300E72A7A /* LaunchScreen.storyboard in Resources */,
				DDDE6B4D21E5C06300E72A7A /* Assets.xcassets in Resources */,
				DDDE6B4B21E5C06300E72A7A /* Main.storyboard in Resources */,
			);
			runOnlyForDeploymentPostprocessing = 0;
		};
		DDDE6B5421E5C06300E72A7A /* Resources */ = {
			isa = PBXResourcesBuildPhase;
			buildActionMask = 2147483647;
			files = (
			);
			runOnlyForDeploymentPostprocessing = 0;
		};
		DDDE6B5F21E5C06300E72A7A /* Resources */ = {
			isa = PBXResourcesBuildPhase;
			buildActionMask = 2147483647;
			files = (
			);
			runOnlyForDeploymentPostprocessing = 0;
		};
/* End PBXResourcesBuildPhase section */

/* Begin PBXSourcesBuildPhase section */
		DDDE6B3E21E5C06300E72A7A /* Sources */ = {
			isa = PBXSourcesBuildPhase;
			buildActionMask = 2147483647;
			files = (
				DDDE6B4821E5C06300E72A7A /* ViewController.swift in Sources */,
				DDDE6B4621E5C06300E72A7A /* AppDelegate.swift in Sources */,
			);
			runOnlyForDeploymentPostprocessing = 0;
		};
		DDDE6B5221E5C06300E72A7A /* Sources */ = {
			isa = PBXSourcesBuildPhase;
			buildActionMask = 2147483647;
			files = (
				DDDE6B5B21E5C06300E72A7A /* TipCalcTests.swift in Sources */,
			);
			runOnlyForDeploymentPostprocessing = 0;
		};
		DDDE6B5D21E5C06300E72A7A /* Sources */ = {
			isa = PBXSourcesBuildPhase;
			buildActionMask = 2147483647;
			files = (
				DDDE6B6621E5C06300E72A7A /* TipCalcUITests.swift in Sources */,
			);
			runOnlyForDeploymentPostprocessing = 0;
		};
/* End PBXSourcesBuildPhase section */

/* Begin PBXTargetDependency section */
		DDDE6B5821E5C06300E72A7A /* PBXTargetDependency */ = {
			isa = PBXTargetDependency;
			target = DDDE6B4121E5C06300E72A7A /* TipCalc */;
			targetProxy = DDDE6B5721E5C06300E72A7A /* PBXContainerItemProxy */;
		};
		DDDE6B6321E5C06300E72A7A /* PBXTargetDependency */ = {
			isa = PBXTargetDependency;
			target = DDDE6B4121E5C06300E72A7A /* TipCalc */;
			targetProxy = DDDE6B6221E5C06300E72A7A /* PBXContainerItemProxy */;
		};
/* End PBXTargetDependency section */

/* Begin PBXVariantGroup section */
		DDDE6B4921E5C06300E72A7A /* Main.storyboard */ = {
			isa = PBXVariantGroup;
			children = (
				DDDE6B4A21E5C06300E72A7A /* Base */,
			);
			name = Main.storyboard;
			sourceTree = "<group>";
		};
		DDDE6B4E21E5C06300E72A7A /* LaunchScreen.storyboard */ = {
			isa = PBXVariantGroup;
			children = (
				DDDE6B4F21E5C06300E72A7A /* Base */,
			);
			name = LaunchScreen.storyboard;
			sourceTree = "<group>";
		};
/* End PBXVariantGroup section */

/* Begin XCBuildConfiguration section */
		DDDE6B6821E5C06300E72A7A /* Debug */ = {
			isa = XCBuildConfiguration;
			buildSettings = {
				ALWAYS_SEARCH_USER_PATHS = NO;
				CLANG_ANALYZER_NONNULL = YES;
				CLANG_ANALYZER_NUMBER_OBJECT_CONVERSION = YES_AGGRESSIVE;
				CLANG_CXX_LANGUAGE_STANDARD = "gnu++14";
				CLANG_CXX_LIBRARY = "libc++";
				CLANG_ENABLE_MODULES = YES;
				CLANG_ENABLE_OBJC_ARC = YES;
				CLANG_WARN_BLOCK_CAPTURE_AUTORELEASING = YES;
				CLANG_WARN_BOOL_CONVERSION = YES;
				CLANG_WARN_COMMA = YES;
				CLANG_WARN_CONSTANT_CONVERSION = YES;
				CLANG_WARN_DIRECT_OBJC_ISA_USAGE = YES_ERROR;
				CLANG_WARN_DOCUMENTATION_COMMENTS = YES;
				CLANG_WARN_EMPTY_BODY = YES;
				CLANG_WARN_ENUM_CONVERSION = YES;
				CLANG_WARN_INFINITE_RECURSION = YES;
				CLANG_WARN_INT_CONVERSION = YES;
				CLANG_WARN_NON_LITERAL_NULL_CONVERSION = YES;
				CLANG_WARN_OBJC_LITERAL_CONVERSION = YES;
				CLANG_WARN_OBJC_ROOT_CLASS = YES_ERROR;
				CLANG_WARN_RANGE_LOOP_ANALYSIS = YES;
				CLANG_WARN_STRICT_PROTOTYPES = YES;
				CLANG_WARN_SUSPICIOUS_MOVE = YES;
				CLANG_WARN_UNGUARDED_AVAILABILITY = YES_AGGRESSIVE;
				CLANG_WARN_UNREACHABLE_CODE = YES;
				CLANG_WARN__DUPLICATE_METHOD_MATCH = YES;
				CODE_SIGN_IDENTITY = "iPhone Developer";
				COPY_PHASE_STRIP = NO;
				DEBUG_INFORMATION_FORMAT = dwarf;
				ENABLE_STRICT_OBJC_MSGSEND = YES;
				ENABLE_TESTABILITY = YES;
				GCC_C_LANGUAGE_STANDARD = gnu11;
				GCC_DYNAMIC_NO_PIC = NO;
				GCC_NO_COMMON_BLOCKS = YES;
				GCC_OPTIMIZATION_LEVEL = 0;
				GCC_PREPROCESSOR_DEFINITIONS = (
					"DEBUG=1",
					"$(inherited)",
				);
				GCC_WARN_64_TO_32_BIT_CONVERSION = YES;
				GCC_WARN_ABOUT_RETURN_TYPE = YES_ERROR;
				GCC_WARN_UNDECLARED_SELECTOR = YES;
				GCC_WARN_UNINITIALIZED_AUTOS = YES_AGGRESSIVE;
				GCC_WARN_UNUSED_FUNCTION = YES;
				GCC_WARN_UNUSED_VARIABLE = YES;
				IPHONEOS_DEPLOYMENT_TARGET = 11.2;
				MTL_ENABLE_DEBUG_INFO = YES;
				ONLY_ACTIVE_ARCH = YES;
				SDKROOT = iphoneos;
				SWIFT_ACTIVE_COMPILATION_CONDITIONS = DEBUG;
				SWIFT_OPTIMIZATION_LEVEL = "-Onone";
			};
			name = Debug;
		};
		DDDE6B6921E5C06300E72A7A /* Release */ = {
			isa = XCBuildConfiguration;
			buildSettings = {
				ALWAYS_SEARCH_USER_PATHS = NO;
				CLANG_ANALYZER_NONNULL = YES;
				CLANG_ANALYZER_NUMBER_OBJECT_CONVERSION = YES_AGGRESSIVE;
				CLANG_CXX_LANGUAGE_STANDARD = "gnu++14";
				CLANG_CXX_LIBRARY = "libc++";
				CLANG_ENABLE_MODULES = YES;
				CLANG_ENABLE_OBJC_ARC = YES;
				CLANG_WARN_BLOCK_CAPTURE_AUTORELEASING = YES;
				CLANG_WARN_BOOL_CONVERSION = YES;
				CLANG_WARN_COMMA = YES;
				CLANG_WARN_CONSTANT_CONVERSION = YES;
				CLANG_WARN_DIRECT_OBJC_ISA_USAGE = YES_ERROR;
				CLANG_WARN_DOCUMENTATION_COMMENTS = YES;
				CLANG_WARN_EMPTY_BODY = YES;
				CLANG_WARN_ENUM_CONVERSION = YES;
				CLANG_WARN_INFINITE_RECURSION = YES;
				CLANG_WARN_INT_CONVERSION = YES;
				CLANG_WARN_NON_LITERAL_NULL_CONVERSION = YES;
				CLANG_WARN_OBJC_LITERAL_CONVERSION = YES;
				CLANG_WARN_OBJC_ROOT_CLASS = YES_ERROR;
				CLANG_WARN_RANGE_LOOP_ANALYSIS = YES;
				CLANG_WARN_STRICT_PROTOTYPES = YES;
				CLANG_WARN_SUSPICIOUS_MOVE = YES;
				CLANG_WARN_UNGUARDED_AVAILABILITY = YES_AGGRESSIVE;
				CLANG_WARN_UNREACHABLE_CODE = YES;
				CLANG_WARN__DUPLICATE_METHOD_MATCH = YES;
				CODE_SIGN_IDENTITY = "iPhone Developer";
				COPY_PHASE_STRIP = NO;
				DEBUG_INFORMATION_FORMAT = "dwarf-with-dsym";
				ENABLE_NS_ASSERTIONS = NO;
				ENABLE_STRICT_OBJC_MSGSEND = YES;
				GCC_C_LANGUAGE_STANDARD = gnu11;
				GCC_NO_COMMON_BLOCKS = YES;
				GCC_WARN_64_TO_32_BIT_CONVERSION = YES;
				GCC_WARN_ABOUT_RETURN_TYPE = YES_ERROR;
				GCC_WARN_UNDECLARED_SELECTOR = YES;
				GCC_WARN_UNINITIALIZED_AUTOS = YES_AGGRESSIVE;
				GCC_WARN_UNUSED_FUNCTION = YES;
				GCC_WARN_UNUSED_VARIABLE = YES;
				IPHONEOS_DEPLOYMENT_TARGET = 11.2;
				MTL_ENABLE_DEBUG_INFO = NO;
				SDKROOT = iphoneos;
				SWIFT_OPTIMIZATION_LEVEL = "-Owholemodule";
				VALIDATE_PRODUCT = YES;
			};
			name = Release;
		};
		DDDE6B6B21E5C06300E72A7A /* Debug */ = {
			isa = XCBuildConfiguration;
			buildSettings = {
				ASSETCATALOG_COMPILER_APPICON_NAME = AppIcon;
				CODE_SIGN_STYLE = Automatic;
				INFOPLIST_FILE = TipCalc/Info.plist;
				LD_RUNPATH_SEARCH_PATHS = "$(inherited) @executable_path/Frameworks";
				PRODUCT_BUNDLE_IDENTIFIER = "-.TipCalc";
				PRODUCT_NAME = "$(TARGET_NAME)";
				SWIFT_VERSION = 4.0;
				TARGETED_DEVICE_FAMILY = "1,2";
			};
			name = Debug;
		};
		DDDE6B6C21E5C06300E72A7A /* Release */ = {
			isa = XCBuildConfiguration;
			buildSettings = {
				ASSETCATALOG_COMPILER_APPICON_NAME = AppIcon;
				CODE_SIGN_STYLE = Automatic;
				INFOPLIST_FILE = TipCalc/Info.plist;
				LD_RUNPATH_SEARCH_PATHS = "$(inherited) @executable_path/Frameworks";
				PRODUCT_BUNDLE_IDENTIFIER = "-.TipCalc";
				PRODUCT_NAME = "$(TARGET_NAME)";
				SWIFT_VERSION = 4.0;
				TARGETED_DEVICE_FAMILY = "1,2";
			};
			name = Release;
		};
		DDDE6B6E21E5C06300E72A7A /* Debug */ = {
			isa = XCBuildConfiguration;
			buildSettings = {
				ALWAYS_EMBED_SWIFT_STANDARD_LIBRARIES = YES;
				BUNDLE_LOADER = "$(TEST_HOST)";
				CODE_SIGN_STYLE = Automatic;
				INFOPLIST_FILE = TipCalcTests/Info.plist;
				LD_RUNPATH_SEARCH_PATHS = "$(inherited) @executable_path/Frameworks @loader_path/Frameworks";
				PRODUCT_BUNDLE_IDENTIFIER = "-.TipCalcTests";
				PRODUCT_NAME = "$(TARGET_NAME)";
				SWIFT_VERSION = 4.0;
				TARGETED_DEVICE_FAMILY = "1,2";
				TEST_HOST = "$(BUILT_PRODUCTS_DIR)/TipCalc.app/TipCalc";
			};
			name = Debug;
		};
		DDDE6B6F21E5C06300E72A7A /* Release */ = {
			isa = XCBuildConfiguration;
			buildSettings = {
				ALWAYS_EMBED_SWIFT_STANDARD_LIBRARIES = YES;
				BUNDLE_LOADER = "$(TEST_HOST)";
				CODE_SIGN_STYLE = Automatic;
				INFOPLIST_FILE = TipCalcTests/Info.plist;
				LD_RUNPATH_SEARCH_PATHS = "$(inherited) @executable_path/Frameworks @loader_path/Frameworks";
				PRODUCT_BUNDLE_IDENTIFIER = "-.TipCalcTests";
				PRODUCT_NAME = "$(TARGET_NAME)";
				SWIFT_VERSION = 4.0;
				TARGETED_DEVICE_FAMILY = "1,2";
				TEST_HOST = "$(BUILT_PRODUCTS_DIR)/TipCalc.app/TipCalc";
			};
			name = Release;
		};
		DDDE6B7121E5C06300E72A7A /* Debug */ = {
			isa = XCBuildConfiguration;
			buildSettings = {
				ALWAYS_EMBED_SWIFT_STANDARD_LIBRARIES = YES;
				CODE_SIGN_STYLE = Automatic;
				INFOPLIST_FILE = TipCalcUITests/Info.plist;
				LD_RUNPATH_SEARCH_PATHS = "$(inherited) @executable_path/Frameworks @loader_path/Frameworks";
				PRODUCT_BUNDLE_IDENTIFIER = "-.TipCalcUITests";
				PRODUCT_NAME = "$(TARGET_NAME)";
				SWIFT_VERSION = 4.0;
				TARGETED_DEVICE_FAMILY = "1,2";
				TEST_TARGET_NAME = TipCalc;
			};
			name = Debug;
		};
		DDDE6B7221E5C06300E72A7A /* Release */ = {
			isa = XCBuildConfiguration;
			buildSettings = {
				ALWAYS_EMBED_SWIFT_STANDARD_LIBRARIES = YES;
				CODE_SIGN_STYLE = Automatic;
				INFOPLIST_FILE = TipCalcUITests/Info.plist;
				LD_RUNPATH_SEARCH_PATHS = "$(inherited) @executable_path/Frameworks @loader_path/Frameworks";
				PRODUCT_BUNDLE_IDENTIFIER = "-.TipCalcUITests";
				PRODUCT_NAME = "$(TARGET_NAME)";
				SWIFT_VERSION = 4.0;
				TARGETED_DEVICE_FAMILY = "1,2";
				TEST_TARGET_NAME = TipCalc;
			};
			name = Release;
		};
/* End XCBuildConfiguration section */

/* Begin XCConfigurationList section */
		DDDE6B3D21E5C06300E72A7A /* Build configuration list for PBXProject "TipCalc" */ = {
			isa = XCConfigurationList;
			buildConfigurations = (
				DDDE6B6821E5C06300E72A7A /* Debug */,
				DDDE6B6921E5C06300E72A7A /* Release */,
			);
			defaultConfigurationIsVisible = 0;
			defaultConfigurationName = Release;
		};
		DDDE6B6A21E5C06300E72A7A /* Build configuration list for PBXNativeTarget "TipCalc" */ = {
			isa = XCConfigurationList;
			buildConfigurations = (
				DDDE6B6B21E5C06300E72A7A /* Debug */,
				DDDE6B6C21E5C06300E72A7A /* Release */,
			);
			defaultConfigurationIsVisible = 0;
			defaultConfigurationName = Release;
		};
		DDDE6B6D21E5C06300E72A7A /* Build configuration list for PBXNativeTarget "TipCalcTests" */ = {
			isa = XCConfigurationList;
			buildConfigurations = (
				DDDE6B6E21E5C06300E72A7A /* Debug */,
				DDDE6B6F21E5C06300E72A7A /* Release */,
			);
			defaultConfigurationIsVisible = 0;
			defaultConfigurationName = Release;
		};
		DDDE6B7021E5C06300E72A7A /* Build configuration list for PBXNativeTarget "TipCalcUITests" */ = {
			isa = XCConfigurationList;
			buildConfigurations = (
				DDDE6B7121E5C06300E72A7A /* Debug */,
				DDDE6B7221E5C06300E72A7A /* Release */,
			);
			defaultConfigurationIsVisible = 0;
			defaultConfigurationName = Release;
		};
/* End XCConfigurationList section */
	};
	rootObject = DDDE6B3A21E5C06300E72A7A /* Project object */;
}
